{
  "sha": "2f7684efb32a13a8e8e31aa97e52ac7b43d350a9",
  "sources": {
    "yum": {
      "locked_version": "2.2.2"
    },
    "redis": {
      "locked_version": "0.0.4",
      "git": "git://github.com/kentaro/chef-redis.git",
      "ref": "54a20fe89da33812034e64ab69a371e7b2e918d4"
    },
    "td-agent": {
      "locked_version": "0.0.1",
      "git": "git@github.com:treasure-data/chef-td-agent.git",
      "ref": "ee26bee34c29457aafce2f900ce2d0e04d9ff792"
    },
    "apt": {
      "locked_version": "1.10.0"
    }
  }
}
