{
  "sha": "3c251ff198ecb45dd9b864cde7c33a2613f3680a",
  "sources": {
    "yum": {
      "locked_version": "2.2.4"
    },
    "git": {
      "locked_version": "2.5.2"
    },
    "mysql": {
      "locked_version": "3.0.2"
    },
    "redisio": {
      "locked_version": "1.5.0",
      "git": "https://github.com/brianbianco/redisio",
      "ref": "551eaeb3906fc1a6b430e7a8718b87a35fc3c895"
    },
    "td-agent": {
      "locked_version": "0.0.1",
      "git": "git@github.com:onigra/chef-td-agent.git",
      "ref": "73e9e20e2d0e06a2536cd4915dbf4e077de7fb05"
    },
    "dmg": {
      "locked_version": "1.1.0"
    },
    "build-essential": {
      "locked_version": "1.4.0"
    },
    "windows": {
      "locked_version": "1.9.0"
    },
    "chef_handler": {
      "locked_version": "1.1.4"
    },
    "runit": {
      "locked_version": "1.1.4",
      "constraint": ">= 1.0.0"
    },
    "openssl": {
      "locked_version": "1.0.2"
    },
    "ulimit": {
      "locked_version": "0.2.0",
      "constraint": ">= 0.1.2"
    },
    "apt": {
      "locked_version": "2.0.0"
    }
  }
}
